// !$*UTF8*$!
{
	archiveVersion = 1;
	classes = {
	};
	objectVersion = 56;
	objects = {

/* Begin PBXBuildFile section */
		6B1FE63F29FE42FA00A7477E /* APIConstants.swift in Sources */ = {isa = PBXBuildFile; fileRef = 6B1FE63E29FE42FA00A7477E /* APIConstants.swift */; };
		6B1FE64129FE50BB00A7477E /* AppConstants.swift in Sources */ = {isa = PBXBuildFile; fileRef = 6B1FE64029FE50BB00A7477E /* AppConstants.swift */; };
		6B1FE64429FE52B200A7477E /* ArticlesRepository.swift in Sources */ = {isa = PBXBuildFile; fileRef = 6B1FE64329FE52B200A7477E /* ArticlesRepository.swift */; };
		6B40CD672A027014003397A8 /* SearchResultsScreenViewController.swift in Sources */ = {isa = PBXBuildFile; fileRef = 6B40CD662A027014003397A8 /* SearchResultsScreenViewController.swift */; };
		6B40CD732A03EC5D003397A8 /* Utils.swift in Sources */ = {isa = PBXBuildFile; fileRef = 6B40CD722A03EC5D003397A8 /* Utils.swift */; };
		6B40CD792A0794BF003397A8 /* Config.json in Resources */ = {isa = PBXBuildFile; fileRef = 6B40CD782A0794BF003397A8 /* Config.json */; };
		6B5A9CEB2A07DF0900D0FBE3 /* AppDelegate.swift in Sources */ = {isa = PBXBuildFile; fileRef = 6B5A9CEA2A07DF0900D0FBE3 /* AppDelegate.swift */; };
		6B5A9CED2A07DF1C00D0FBE3 /* SceneDelegate.swift in Sources */ = {isa = PBXBuildFile; fileRef = 6B5A9CEC2A07DF1C00D0FBE3 /* SceneDelegate.swift */; };
		6B5A9CEF2A07F0F600D0FBE3 /* .gitignore in Resources */ = {isa = PBXBuildFile; fileRef = 6B5A9CEE2A07F0F600D0FBE3 /* .gitignore */; };
		6B5A9CF12A07F5E500D0FBE3 /* ColorsPalleteNames.swift in Sources */ = {isa = PBXBuildFile; fileRef = 6B5A9CF02A07F5E500D0FBE3 /* ColorsPalleteNames.swift */; };
		6B5A9CF42A0800A400D0FBE3 /* UserDefaultsManager.swift in Sources */ = {isa = PBXBuildFile; fileRef = 6B5A9CF32A0800A400D0FBE3 /* UserDefaultsManager.swift */; };
		6B8908BD29FFB372003E08A1 /* AlamofireManager.swift in Sources */ = {isa = PBXBuildFile; fileRef = 6B8908BC29FFB372003E08A1 /* AlamofireManager.swift */; };
		6B8908C129FFB64E003E08A1 /* ArticleApiObject.swift in Sources */ = {isa = PBXBuildFile; fileRef = 6B8908C029FFB64E003E08A1 /* ArticleApiObject.swift */; };
		6B8908C329FFB686003E08A1 /* ArticleResponse.swift in Sources */ = {isa = PBXBuildFile; fileRef = 6B8908C229FFB686003E08A1 /* ArticleResponse.swift */; };
		6B8908C729FFC157003E08A1 /* Request.swift in Sources */ = {isa = PBXBuildFile; fileRef = 6B8908C629FFC157003E08A1 /* Request.swift */; };
		6B8908C929FFD578003E08A1 /* UserInput.swift in Sources */ = {isa = PBXBuildFile; fileRef = 6B8908C829FFD578003E08A1 /* UserInput.swift */; };
		6B8908D02A01126E003E08A1 /* SearchViewModel.swift in Sources */ = {isa = PBXBuildFile; fileRef = 6B8908CF2A01126E003E08A1 /* SearchViewModel.swift */; };
		6B8908D32A013097003E08A1 /* SearchScreenViewController.swift in Sources */ = {isa = PBXBuildFile; fileRef = 6B8908CD2A01124E003E08A1 /* SearchScreenViewController.swift */; };
		6B8908E42A01663A003E08A1 /* LatestSearchCell.swift in Sources */ = {isa = PBXBuildFile; fileRef = 6B8908E22A01663A003E08A1 /* LatestSearchCell.swift */; };
		6B8908E52A01663A003E08A1 /* LatestSearchCell.xib in Resources */ = {isa = PBXBuildFile; fileRef = 6B8908E32A01663A003E08A1 /* LatestSearchCell.xib */; };
		6B95EF2129F006DF0014C6EF /* Article.swift in Sources */ = {isa = PBXBuildFile; fileRef = 6B95EF2029F006DF0014C6EF /* Article.swift */; };
		6B95EF2729F019360014C6EF /* ArticleCell.swift in Sources */ = {isa = PBXBuildFile; fileRef = 6B95EF2529F019360014C6EF /* ArticleCell.swift */; };
		6B95EF2829F019360014C6EF /* ArticleCell.xib in Resources */ = {isa = PBXBuildFile; fileRef = 6B95EF2629F019360014C6EF /* ArticleCell.xib */; };
		6B95EF4029FA9D9E0014C6EF /* ProfileViewModel.swift in Sources */ = {isa = PBXBuildFile; fileRef = 6B95EF3F29FA9D9E0014C6EF /* ProfileViewModel.swift */; };
		6B95EF4329FA9DCF0014C6EF /* HomepageViewModel.swift in Sources */ = {isa = PBXBuildFile; fileRef = 6B95EF4229FA9DCF0014C6EF /* HomepageViewModel.swift */; };
		6B95EF4629FA9DF80014C6EF /* FavoritesViewModel.swift in Sources */ = {isa = PBXBuildFile; fileRef = 6B95EF4529FA9DF80014C6EF /* FavoritesViewModel.swift */; };
		6BD3F3F329EC275F007C4652 /* Main.storyboard in Resources */ = {isa = PBXBuildFile; fileRef = 6BD3F3F129EC275F007C4652 /* Main.storyboard */; };
		6BD3F3F629EC275F007C4652 /* Dispatcher.xcdatamodeld in Sources */ = {isa = PBXBuildFile; fileRef = 6BD3F3F429EC275F007C4652 /* Dispatcher.xcdatamodeld */; };
		6BD3F3F829EC2760007C4652 /* Assets.xcassets in Resources */ = {isa = PBXBuildFile; fileRef = 6BD3F3F729EC2760007C4652 /* Assets.xcassets */; };
		6BD3F42929ED60BF007C4652 /* TabBarController.swift in Sources */ = {isa = PBXBuildFile; fileRef = 6BD3F42829ED60BF007C4652 /* TabBarController.swift */; };
		6BD3F45129EDAA05007C4652 /* ProfileViewController.swift in Sources */ = {isa = PBXBuildFile; fileRef = 6BD3F45029EDAA05007C4652 /* ProfileViewController.swift */; };
		6BD3F45329EDAA1C007C4652 /* HomepageViewController.swift in Sources */ = {isa = PBXBuildFile; fileRef = 6BD3F45229EDAA1C007C4652 /* HomepageViewController.swift */; };
		6BD3F45529EDAA51007C4652 /* FavoritesViewController.swift in Sources */ = {isa = PBXBuildFile; fileRef = 6BD3F45429EDAA51007C4652 /* FavoritesViewController.swift */; };
		6BDE7C1D2A0A32CF004291D9 /* RecentSearch.swift in Sources */ = {isa = PBXBuildFile; fileRef = 6BDE7C1C2A0A32CF004291D9 /* RecentSearch.swift */; };
		6BDE7C1F2A0A4B64004291D9 /* SearchRepository.swift in Sources */ = {isa = PBXBuildFile; fileRef = 6BDE7C1E2A0A4B64004291D9 /* SearchRepository.swift */; };
		6BDE7C232A0A82E4004291D9 /* DispatcherAppButton.swift in Sources */ = {isa = PBXBuildFile; fileRef = 6BDE7C222A0A82E4004291D9 /* DispatcherAppButton.swift */; };
		6BDE7C322A0D7083004291D9 /* HeaderView.swift in Sources */ = {isa = PBXBuildFile; fileRef = 6BDE7C302A0D7083004291D9 /* HeaderView.swift */; };
		6BDE7C352A0D8A54004291D9 /* HeaderView.xib in Resources */ = {isa = PBXBuildFile; fileRef = 6BDE7C342A0D8A54004291D9 /* HeaderView.xib */; };
		6BDE7C652A125209004291D9 /* AuthViewModel.swift in Sources */ = {isa = PBXBuildFile; fileRef = 6BDE7C632A125209004291D9 /* AuthViewModel.swift */; };
		6BDE7C662A125209004291D9 /* AuthViewController.swift in Sources */ = {isa = PBXBuildFile; fileRef = 6BDE7C642A125209004291D9 /* AuthViewController.swift */; };
		6BDE7C6C2A125238004291D9 /* TextFieldWithValidation.swift in Sources */ = {isa = PBXBuildFile; fileRef = 6BDE7C682A125238004291D9 /* TextFieldWithValidation.swift */; };
		6BDE7C6D2A125238004291D9 /* SignupOrLoginView.xib in Resources */ = {isa = PBXBuildFile; fileRef = 6BDE7C692A125238004291D9 /* SignupOrLoginView.xib */; };
		6BDE7C6E2A125238004291D9 /* SignupOrLoginView.swift in Sources */ = {isa = PBXBuildFile; fileRef = 6BDE7C6A2A125238004291D9 /* SignupOrLoginView.swift */; };
		6BDE7C712A125370004291D9 /* TextCostants.swift in Sources */ = {isa = PBXBuildFile; fileRef = 6BDE7C702A125370004291D9 /* TextCostants.swift */; };
		6BDE7C752A125397004291D9 /* Errors.swift in Sources */ = {isa = PBXBuildFile; fileRef = 6BDE7C732A125397004291D9 /* Errors.swift */; };
		6BDE7C762A125397004291D9 /* Position.swift in Sources */ = {isa = PBXBuildFile; fileRef = 6BDE7C742A125397004291D9 /* Position.swift */; };
		6BDE7C782A1258C0004291D9 /* TextFieldExtension.swift in Sources */ = {isa = PBXBuildFile; fileRef = 6BDE7C772A1258C0004291D9 /* TextFieldExtension.swift */; };
		6BDE7C8B2A14F12A004291D9 /* GoogleService-Info - Dev.plist in Resources */ = {isa = PBXBuildFile; fileRef = 6BDE7C792A126930004291D9 /* GoogleService-Info - Dev.plist */; };
		6BDE7C8D2A1503DB004291D9 /* FirebaseManager.swift in Sources */ = {isa = PBXBuildFile; fileRef = 6BDE7C8C2A1503DB004291D9 /* FirebaseManager.swift */; };
		6BDE7C8F2A1507DA004291D9 /* FirebaseRepository.swift in Sources */ = {isa = PBXBuildFile; fileRef = 6BDE7C8E2A1507DA004291D9 /* FirebaseRepository.swift */; };
		6BDE7C912A152915004291D9 /* GoogleService-Info - Prod.plist in Resources */ = {isa = PBXBuildFile; fileRef = 6BDE7C902A152915004291D9 /* GoogleService-Info - Prod.plist */; };
		7C64A037CD693D1DFCA50EF1 /* Pods_Dispatcher.framework in Frameworks */ = {isa = PBXBuildFile; fileRef = EFB85CD9D15FD5FA91D6D4FB /* Pods_Dispatcher.framework */; };
/* End PBXBuildFile section */

/* Begin PBXFileReference section */
		438C52D2A46676A365E55449 /* Pods-Dispatcher.debug.xcconfig */ = {isa = PBXFileReference; includeInIndex = 1; lastKnownFileType = text.xcconfig; name = "Pods-Dispatcher.debug.xcconfig"; path = "Target Support Files/Pods-Dispatcher/Pods-Dispatcher.debug.xcconfig"; sourceTree = "<group>"; };
		6B1FE63E29FE42FA00A7477E /* APIConstants.swift */ = {isa = PBXFileReference; lastKnownFileType = sourcecode.swift; path = APIConstants.swift; sourceTree = "<group>"; };
		6B1FE64029FE50BB00A7477E /* AppConstants.swift */ = {isa = PBXFileReference; lastKnownFileType = sourcecode.swift; path = AppConstants.swift; sourceTree = "<group>"; };
		6B1FE64329FE52B200A7477E /* ArticlesRepository.swift */ = {isa = PBXFileReference; lastKnownFileType = sourcecode.swift; path = ArticlesRepository.swift; sourceTree = "<group>"; };
		6B40CD662A027014003397A8 /* SearchResultsScreenViewController.swift */ = {isa = PBXFileReference; lastKnownFileType = sourcecode.swift; path = SearchResultsScreenViewController.swift; sourceTree = "<group>"; };
		6B40CD722A03EC5D003397A8 /* Utils.swift */ = {isa = PBXFileReference; lastKnownFileType = sourcecode.swift; path = Utils.swift; sourceTree = "<group>"; };
		6B40CD782A0794BF003397A8 /* Config.json */ = {isa = PBXFileReference; lastKnownFileType = text.json; path = Config.json; sourceTree = "<group>"; };
		6B5A9CEA2A07DF0900D0FBE3 /* AppDelegate.swift */ = {isa = PBXFileReference; fileEncoding = 4; lastKnownFileType = sourcecode.swift; path = AppDelegate.swift; sourceTree = "<group>"; };
		6B5A9CEC2A07DF1C00D0FBE3 /* SceneDelegate.swift */ = {isa = PBXFileReference; fileEncoding = 4; lastKnownFileType = sourcecode.swift; path = SceneDelegate.swift; sourceTree = "<group>"; };
		6B5A9CEE2A07F0F600D0FBE3 /* .gitignore */ = {isa = PBXFileReference; lastKnownFileType = text; path = .gitignore; sourceTree = "<group>"; };
		6B5A9CF02A07F5E500D0FBE3 /* ColorsPalleteNames.swift */ = {isa = PBXFileReference; lastKnownFileType = sourcecode.swift; path = ColorsPalleteNames.swift; sourceTree = "<group>"; };
		6B5A9CF32A0800A400D0FBE3 /* UserDefaultsManager.swift */ = {isa = PBXFileReference; lastKnownFileType = sourcecode.swift; path = UserDefaultsManager.swift; sourceTree = "<group>"; };
		6B8908BC29FFB372003E08A1 /* AlamofireManager.swift */ = {isa = PBXFileReference; lastKnownFileType = sourcecode.swift; path = AlamofireManager.swift; sourceTree = "<group>"; };
		6B8908C029FFB64E003E08A1 /* ArticleApiObject.swift */ = {isa = PBXFileReference; lastKnownFileType = sourcecode.swift; path = ArticleApiObject.swift; sourceTree = "<group>"; };
		6B8908C229FFB686003E08A1 /* ArticleResponse.swift */ = {isa = PBXFileReference; lastKnownFileType = sourcecode.swift; path = ArticleResponse.swift; sourceTree = "<group>"; };
		6B8908C629FFC157003E08A1 /* Request.swift */ = {isa = PBXFileReference; lastKnownFileType = sourcecode.swift; path = Request.swift; sourceTree = "<group>"; };
		6B8908C829FFD578003E08A1 /* UserInput.swift */ = {isa = PBXFileReference; lastKnownFileType = sourcecode.swift; path = UserInput.swift; sourceTree = "<group>"; };
		6B8908CD2A01124E003E08A1 /* SearchScreenViewController.swift */ = {isa = PBXFileReference; lastKnownFileType = sourcecode.swift; path = SearchScreenViewController.swift; sourceTree = "<group>"; };
		6B8908CF2A01126E003E08A1 /* SearchViewModel.swift */ = {isa = PBXFileReference; lastKnownFileType = sourcecode.swift; path = SearchViewModel.swift; sourceTree = "<group>"; };
		6B8908E22A01663A003E08A1 /* LatestSearchCell.swift */ = {isa = PBXFileReference; lastKnownFileType = sourcecode.swift; path = LatestSearchCell.swift; sourceTree = "<group>"; };
		6B8908E32A01663A003E08A1 /* LatestSearchCell.xib */ = {isa = PBXFileReference; lastKnownFileType = file.xib; path = LatestSearchCell.xib; sourceTree = "<group>"; };
		6B95EF2029F006DF0014C6EF /* Article.swift */ = {isa = PBXFileReference; lastKnownFileType = sourcecode.swift; path = Article.swift; sourceTree = "<group>"; };
		6B95EF2529F019360014C6EF /* ArticleCell.swift */ = {isa = PBXFileReference; lastKnownFileType = sourcecode.swift; path = ArticleCell.swift; sourceTree = "<group>"; };
		6B95EF2629F019360014C6EF /* ArticleCell.xib */ = {isa = PBXFileReference; lastKnownFileType = file.xib; path = ArticleCell.xib; sourceTree = "<group>"; };
		6B95EF3F29FA9D9E0014C6EF /* ProfileViewModel.swift */ = {isa = PBXFileReference; lastKnownFileType = sourcecode.swift; path = ProfileViewModel.swift; sourceTree = "<group>"; };
		6B95EF4229FA9DCF0014C6EF /* HomepageViewModel.swift */ = {isa = PBXFileReference; lastKnownFileType = sourcecode.swift; path = HomepageViewModel.swift; sourceTree = "<group>"; };
		6B95EF4529FA9DF80014C6EF /* FavoritesViewModel.swift */ = {isa = PBXFileReference; lastKnownFileType = sourcecode.swift; path = FavoritesViewModel.swift; sourceTree = "<group>"; };
		6BD3F3E829EC275F007C4652 /* Dispatcher.app */ = {isa = PBXFileReference; explicitFileType = wrapper.application; includeInIndex = 0; path = Dispatcher.app; sourceTree = BUILT_PRODUCTS_DIR; };
		6BD3F3F229EC275F007C4652 /* Base */ = {isa = PBXFileReference; lastKnownFileType = file.storyboard; name = Base; path = Base.lproj/Main.storyboard; sourceTree = "<group>"; };
		6BD3F3F529EC275F007C4652 /* Dispatcher.xcdatamodel */ = {isa = PBXFileReference; lastKnownFileType = wrapper.xcdatamodel; path = Dispatcher.xcdatamodel; sourceTree = "<group>"; };
		6BD3F3F729EC2760007C4652 /* Assets.xcassets */ = {isa = PBXFileReference; lastKnownFileType = folder.assetcatalog; path = Assets.xcassets; sourceTree = "<group>"; };
		6BD3F3FC29EC2760007C4652 /* Info.plist */ = {isa = PBXFileReference; lastKnownFileType = text.plist.xml; path = Info.plist; sourceTree = "<group>"; };
		6BD3F42829ED60BF007C4652 /* TabBarController.swift */ = {isa = PBXFileReference; lastKnownFileType = sourcecode.swift; path = TabBarController.swift; sourceTree = "<group>"; };
		6BD3F45029EDAA05007C4652 /* ProfileViewController.swift */ = {isa = PBXFileReference; lastKnownFileType = sourcecode.swift; path = ProfileViewController.swift; sourceTree = "<group>"; };
		6BD3F45229EDAA1C007C4652 /* HomepageViewController.swift */ = {isa = PBXFileReference; lastKnownFileType = sourcecode.swift; path = HomepageViewController.swift; sourceTree = "<group>"; usesTabs = 0; };
		6BD3F45429EDAA51007C4652 /* FavoritesViewController.swift */ = {isa = PBXFileReference; lastKnownFileType = sourcecode.swift; path = FavoritesViewController.swift; sourceTree = "<group>"; };
		6BDE7C1C2A0A32CF004291D9 /* RecentSearch.swift */ = {isa = PBXFileReference; lastKnownFileType = sourcecode.swift; path = RecentSearch.swift; sourceTree = "<group>"; };
		6BDE7C1E2A0A4B64004291D9 /* SearchRepository.swift */ = {isa = PBXFileReference; lastKnownFileType = sourcecode.swift; path = SearchRepository.swift; sourceTree = "<group>"; };
		6BDE7C222A0A82E4004291D9 /* DispatcherAppButton.swift */ = {isa = PBXFileReference; lastKnownFileType = sourcecode.swift; path = DispatcherAppButton.swift; sourceTree = "<group>"; };
		6BDE7C302A0D7083004291D9 /* HeaderView.swift */ = {isa = PBXFileReference; lastKnownFileType = sourcecode.swift; path = HeaderView.swift; sourceTree = "<group>"; };
		6BDE7C342A0D8A54004291D9 /* HeaderView.xib */ = {isa = PBXFileReference; lastKnownFileType = file.xib; path = HeaderView.xib; sourceTree = "<group>"; };
		6BDE7C632A125209004291D9 /* AuthViewModel.swift */ = {isa = PBXFileReference; fileEncoding = 4; lastKnownFileType = sourcecode.swift; path = AuthViewModel.swift; sourceTree = "<group>"; };
		6BDE7C642A125209004291D9 /* AuthViewController.swift */ = {isa = PBXFileReference; fileEncoding = 4; lastKnownFileType = sourcecode.swift; path = AuthViewController.swift; sourceTree = "<group>"; };
		6BDE7C682A125238004291D9 /* TextFieldWithValidation.swift */ = {isa = PBXFileReference; fileEncoding = 4; lastKnownFileType = sourcecode.swift; path = TextFieldWithValidation.swift; sourceTree = "<group>"; };
		6BDE7C692A125238004291D9 /* SignupOrLoginView.xib */ = {isa = PBXFileReference; fileEncoding = 4; lastKnownFileType = file.xib; path = SignupOrLoginView.xib; sourceTree = "<group>"; };
		6BDE7C6A2A125238004291D9 /* SignupOrLoginView.swift */ = {isa = PBXFileReference; fileEncoding = 4; lastKnownFileType = sourcecode.swift; path = SignupOrLoginView.swift; sourceTree = "<group>"; };
		6BDE7C702A125370004291D9 /* TextCostants.swift */ = {isa = PBXFileReference; fileEncoding = 4; lastKnownFileType = sourcecode.swift; path = TextCostants.swift; sourceTree = "<group>"; };
		6BDE7C732A125397004291D9 /* Errors.swift */ = {isa = PBXFileReference; fileEncoding = 4; lastKnownFileType = sourcecode.swift; path = Errors.swift; sourceTree = "<group>"; };
		6BDE7C742A125397004291D9 /* Position.swift */ = {isa = PBXFileReference; fileEncoding = 4; lastKnownFileType = sourcecode.swift; path = Position.swift; sourceTree = "<group>"; };
		6BDE7C772A1258C0004291D9 /* TextFieldExtension.swift */ = {isa = PBXFileReference; lastKnownFileType = sourcecode.swift; path = TextFieldExtension.swift; sourceTree = "<group>"; };
		6BDE7C792A126930004291D9 /* GoogleService-Info - Dev.plist */ = {isa = PBXFileReference; fileEncoding = 4; lastKnownFileType = text.plist.xml; path = "GoogleService-Info - Dev.plist"; sourceTree = "<group>"; };
		6BDE7C8C2A1503DB004291D9 /* FirebaseManager.swift */ = {isa = PBXFileReference; lastKnownFileType = sourcecode.swift; path = FirebaseManager.swift; sourceTree = "<group>"; };
		6BDE7C8E2A1507DA004291D9 /* FirebaseRepository.swift */ = {isa = PBXFileReference; lastKnownFileType = sourcecode.swift; path = FirebaseRepository.swift; sourceTree = "<group>"; };
		6BDE7C902A152915004291D9 /* GoogleService-Info - Prod.plist */ = {isa = PBXFileReference; fileEncoding = 4; lastKnownFileType = text.plist.xml; path = "GoogleService-Info - Prod.plist"; sourceTree = "<group>"; };
		CF2EAED76855AB3CD6A062F8 /* Pods-Dispatcher.release.xcconfig */ = {isa = PBXFileReference; includeInIndex = 1; lastKnownFileType = text.xcconfig; name = "Pods-Dispatcher.release.xcconfig"; path = "Target Support Files/Pods-Dispatcher/Pods-Dispatcher.release.xcconfig"; sourceTree = "<group>"; };
		EFB85CD9D15FD5FA91D6D4FB /* Pods_Dispatcher.framework */ = {isa = PBXFileReference; explicitFileType = wrapper.framework; includeInIndex = 0; path = Pods_Dispatcher.framework; sourceTree = BUILT_PRODUCTS_DIR; };
/* End PBXFileReference section */

/* Begin PBXFrameworksBuildPhase section */
		6BD3F3E529EC275F007C4652 /* Frameworks */ = {
			isa = PBXFrameworksBuildPhase;
			buildActionMask = 2147483647;
			files = (
				7C64A037CD693D1DFCA50EF1 /* Pods_Dispatcher.framework in Frameworks */,
			);
			runOnlyForDeploymentPostprocessing = 0;
		};
/* End PBXFrameworksBuildPhase section */

/* Begin PBXGroup section */
		0608C1365F78DFD075D89B5C /* Frameworks */ = {
			isa = PBXGroup;
			children = (
				EFB85CD9D15FD5FA91D6D4FB /* Pods_Dispatcher.framework */,
			);
			name = Frameworks;
			sourceTree = "<group>";
		};
		6B1FE63D29FE42CB00A7477E /* Constants */ = {
			isa = PBXGroup;
			children = (
				6BDE7C702A125370004291D9 /* TextCostants.swift */,
				6B1FE63E29FE42FA00A7477E /* APIConstants.swift */,
				6B1FE64029FE50BB00A7477E /* AppConstants.swift */,
				6B5A9CF02A07F5E500D0FBE3 /* ColorsPalleteNames.swift */,
			);
			path = Constants;
			sourceTree = "<group>";
		};
		6B1FE64229FE526C00A7477E /* Repositories */ = {
			isa = PBXGroup;
			children = (
				6B1FE64329FE52B200A7477E /* ArticlesRepository.swift */,
				6BDE7C1E2A0A4B64004291D9 /* SearchRepository.swift */,
				6BDE7C8E2A1507DA004291D9 /* FirebaseRepository.swift */,
			);
			path = Repositories;
			sourceTree = "<group>";
		};
		6B40CD712A03EC47003397A8 /* Supporting Files */ = {
			isa = PBXGroup;
			children = (
				6B5A9CEC2A07DF1C00D0FBE3 /* SceneDelegate.swift */,
				6B5A9CEA2A07DF0900D0FBE3 /* AppDelegate.swift */,
				6BD3F3F429EC275F007C4652 /* Dispatcher.xcdatamodeld */,
				6BD3F3F729EC2760007C4652 /* Assets.xcassets */,
				6BD3F3FC29EC2760007C4652 /* Info.plist */,
				6B40CD722A03EC5D003397A8 /* Utils.swift */,
				6B40CD782A0794BF003397A8 /* Config.json */,
			);
			path = "Supporting Files";
			sourceTree = "<group>";
		};
		6B5A9CF22A08009700D0FBE3 /* Persistence */ = {
			isa = PBXGroup;
			children = (
				6B5A9CF32A0800A400D0FBE3 /* UserDefaultsManager.swift */,
			);
			path = Persistence;
			sourceTree = "<group>";
		};
		6B8908CA2A01120C003E08A1 /* Search */ = {
			isa = PBXGroup;
			children = (
				6B8908CD2A01124E003E08A1 /* SearchScreenViewController.swift */,
				6B8908CF2A01126E003E08A1 /* SearchViewModel.swift */,
				6B40CD662A027014003397A8 /* SearchResultsScreenViewController.swift */,
			);
			path = Search;
			sourceTree = "<group>";
		};
		6B8908E62A016644003E08A1 /* SearchTableCells */ = {
			isa = PBXGroup;
			children = (
				6B8908E22A01663A003E08A1 /* LatestSearchCell.swift */,
				6B8908E32A01663A003E08A1 /* LatestSearchCell.xib */,
			);
			path = SearchTableCells;
			sourceTree = "<group>";
		};
		6B95EF1F29F0067D0014C6EF /* Models */ = {
			isa = PBXGroup;
			children = (
				6B95EF2029F006DF0014C6EF /* Article.swift */,
				6B8908C029FFB64E003E08A1 /* ArticleApiObject.swift */,
				6B8908C229FFB686003E08A1 /* ArticleResponse.swift */,
				6B8908C629FFC157003E08A1 /* Request.swift */,
				6B8908C829FFD578003E08A1 /* UserInput.swift */,
				6BDE7C1C2A0A32CF004291D9 /* RecentSearch.swift */,
			);
			path = Models;
			sourceTree = "<group>";
		};
		6B95EF2429F018E80014C6EF /* Views */ = {
			isa = PBXGroup;
			children = (
				6BDE7C672A125220004291D9 /* Auth */,
				6B95EF3D29FA9D240014C6EF /* ArticlesTableCells */,
				6BD3F3F129EC275F007C4652 /* Main.storyboard */,
				6B8908E62A016644003E08A1 /* SearchTableCells */,
				6BDE7C2B2A0CD326004291D9 /* Headers */,
			);
			path = Views;
			sourceTree = "<group>";
		};
		6B95EF3D29FA9D240014C6EF /* ArticlesTableCells */ = {
			isa = PBXGroup;
			children = (
				6B95EF2529F019360014C6EF /* ArticleCell.swift */,
				6B95EF2629F019360014C6EF /* ArticleCell.xib */,
			);
			path = ArticlesTableCells;
			sourceTree = "<group>";
		};
		6B95EF3E29FA9D5A0014C6EF /* Profile */ = {
			isa = PBXGroup;
			children = (
				6BD3F45029EDAA05007C4652 /* ProfileViewController.swift */,
				6B95EF3F29FA9D9E0014C6EF /* ProfileViewModel.swift */,
			);
			path = Profile;
			sourceTree = "<group>";
		};
		6B95EF4129FA9DAC0014C6EF /* Homepage */ = {
			isa = PBXGroup;
			children = (
				6B95EF4229FA9DCF0014C6EF /* HomepageViewModel.swift */,
				6BD3F45229EDAA1C007C4652 /* HomepageViewController.swift */,
			);
			path = Homepage;
			sourceTree = "<group>";
		};
		6B95EF4429FA9DD70014C6EF /* Favorites */ = {
			isa = PBXGroup;
			children = (
				6BD3F45429EDAA51007C4652 /* FavoritesViewController.swift */,
				6B95EF4529FA9DF80014C6EF /* FavoritesViewModel.swift */,
			);
			path = Favorites;
			sourceTree = "<group>";
		};
		6B95EF4729FAA8D10014C6EF /* Networking */ = {
			isa = PBXGroup;
			children = (
				6B8908BC29FFB372003E08A1 /* AlamofireManager.swift */,
				6BDE7C8C2A1503DB004291D9 /* FirebaseManager.swift */,
			);
			path = Networking;
			sourceTree = "<group>";
		};
		6BD3F3DF29EC275F007C4652 = {
			isa = PBXGroup;
			children = (
				6B5A9CEE2A07F0F600D0FBE3 /* .gitignore */,
				6BD3F3EA29EC275F007C4652 /* Dispatcher */,
				6BD3F3E929EC275F007C4652 /* Products */,
				6B5A9CF22A08009700D0FBE3 /* Persistence */,
				D812FC9548D88A243343A19F /* Pods */,
				0608C1365F78DFD075D89B5C /* Frameworks */,
			);
			sourceTree = "<group>";
		};
		6BD3F3E929EC275F007C4652 /* Products */ = {
			isa = PBXGroup;
			children = (
				6BD3F3E829EC275F007C4652 /* Dispatcher.app */,
			);
			name = Products;
			sourceTree = "<group>";
		};
		6BD3F3EA29EC275F007C4652 /* Dispatcher */ = {
			isa = PBXGroup;
			children = (
				6BDE7C7B2A126F02004291D9 /* Firebase */,
				6B40CD712A03EC47003397A8 /* Supporting Files */,
				6B1FE64229FE526C00A7477E /* Repositories */,
				6B1FE63D29FE42CB00A7477E /* Constants */,
				6B95EF4729FAA8D10014C6EF /* Networking */,
				6B95EF1F29F0067D0014C6EF /* Models */,
				6BD3F42529ED42E5007C4652 /* UI */,
				6B95EF2429F018E80014C6EF /* Views */,
			);
			path = Dispatcher;
			sourceTree = "<group>";
		};
		6BD3F42529ED42E5007C4652 /* UI */ = {
			isa = PBXGroup;
			children = (
				6BDE7C832A12AF8B004291D9 /* TextFields */,
				6BDE7C722A125384004291D9 /* Enums */,
				6BDE7C622A1251FC004291D9 /* Auth */,
				6BDE7C212A0A82BD004291D9 /* Buttons */,
				6B8908CA2A01120C003E08A1 /* Search */,
				6B95EF4429FA9DD70014C6EF /* Favorites */,
				6B95EF4129FA9DAC0014C6EF /* Homepage */,
				6B95EF3E29FA9D5A0014C6EF /* Profile */,
				6BD3F42829ED60BF007C4652 /* TabBarController.swift */,
			);
			path = UI;
			sourceTree = "<group>";
		};
		6BDE7C212A0A82BD004291D9 /* Buttons */ = {
			isa = PBXGroup;
			children = (
				6BDE7C222A0A82E4004291D9 /* DispatcherAppButton.swift */,
			);
			path = Buttons;
			sourceTree = "<group>";
		};
		6BDE7C2B2A0CD326004291D9 /* Headers */ = {
			isa = PBXGroup;
			children = (
				6BDE7C302A0D7083004291D9 /* HeaderView.swift */,
				6BDE7C342A0D8A54004291D9 /* HeaderView.xib */,
			);
			path = Headers;
			sourceTree = "<group>";
		};
		6BDE7C622A1251FC004291D9 /* Auth */ = {
			isa = PBXGroup;
			children = (
				6BDE7C642A125209004291D9 /* AuthViewController.swift */,
				6BDE7C632A125209004291D9 /* AuthViewModel.swift */,
			);
			path = Auth;
			sourceTree = "<group>";
		};
		6BDE7C672A125220004291D9 /* Auth */ = {
			isa = PBXGroup;
			children = (
				6BDE7C6A2A125238004291D9 /* SignupOrLoginView.swift */,
				6BDE7C692A125238004291D9 /* SignupOrLoginView.xib */,
			);
			path = Auth;
			sourceTree = "<group>";
		};
		6BDE7C722A125384004291D9 /* Enums */ = {
			isa = PBXGroup;
			children = (
				6BDE7C732A125397004291D9 /* Errors.swift */,
				6BDE7C742A125397004291D9 /* Position.swift */,
			);
			path = Enums;
			sourceTree = "<group>";
		};
		6BDE7C7B2A126F02004291D9 /* Firebase */ = {
			isa = PBXGroup;
			children = (
				6BDE7C7D2A126F21004291D9 /* Dev */,
				6BDE7C7C2A126F0B004291D9 /* Prod */,
			);
			path = Firebase;
			sourceTree = "<group>";
		};
		6BDE7C7C2A126F0B004291D9 /* Prod */ = {
			isa = PBXGroup;
			children = (
				6BDE7C902A152915004291D9 /* GoogleService-Info - Prod.plist */,
			);
			name = Prod;
			path = "../New Group/Prod";
			sourceTree = "<group>";
		};
		6BDE7C7D2A126F21004291D9 /* Dev */ = {
			isa = PBXGroup;
			children = (
				6BDE7C792A126930004291D9 /* GoogleService-Info - Dev.plist */,
			);
			path = Dev;
			sourceTree = "<group>";
		};
		6BDE7C832A12AF8B004291D9 /* TextFields */ = {
			isa = PBXGroup;
			children = (
				6BDE7C682A125238004291D9 /* TextFieldWithValidation.swift */,
				6BDE7C772A1258C0004291D9 /* TextFieldExtension.swift */,
			);
			path = TextFields;
			sourceTree = "<group>";
		};
		D812FC9548D88A243343A19F /* Pods */ = {
			isa = PBXGroup;
			children = (
				438C52D2A46676A365E55449 /* Pods-Dispatcher.debug.xcconfig */,
				CF2EAED76855AB3CD6A062F8 /* Pods-Dispatcher.release.xcconfig */,
			);
			path = Pods;
			sourceTree = "<group>";
		};
/* End PBXGroup section */

/* Begin PBXNativeTarget section */
		6BD3F3E729EC275F007C4652 /* Dispatcher */ = {
			isa = PBXNativeTarget;
			buildConfigurationList = 6BD3F3FF29EC2760007C4652 /* Build configuration list for PBXNativeTarget "Dispatcher" */;
			buildPhases = (
				F45E7D288EBB61E89FAC8673 /* [CP] Check Pods Manifest.lock */,
				6BD3F3E429EC275F007C4652 /* Sources */,
				6BD3F3E529EC275F007C4652 /* Frameworks */,
				6BD3F3E629EC275F007C4652 /* Resources */,
				E7FD4A453FA1D4AAC6F488BF /* [CP] Embed Pods Frameworks */,
			);
			buildRules = (
			);
			dependencies = (
			);
			name = Dispatcher;
			productName = Dispatcher;
			productReference = 6BD3F3E829EC275F007C4652 /* Dispatcher.app */;
			productType = "com.apple.product-type.application";
		};
/* End PBXNativeTarget section */

/* Begin PBXProject section */
		6BD3F3E029EC275F007C4652 /* Project object */ = {
			isa = PBXProject;
			attributes = {
				BuildIndependentTargetsInParallel = 1;
				LastSwiftUpdateCheck = 1430;
				LastUpgradeCheck = 1430;
				TargetAttributes = {
					6BD3F3E729EC275F007C4652 = {
						CreatedOnToolsVersion = 14.3;
					};
				};
			};
			buildConfigurationList = 6BD3F3E329EC275F007C4652 /* Build configuration list for PBXProject "Dispatcher" */;
			compatibilityVersion = "Xcode 14.0";
			developmentRegion = en;
			hasScannedForEncodings = 0;
			knownRegions = (
				en,
				Base,
			);
			mainGroup = 6BD3F3DF29EC275F007C4652;
			productRefGroup = 6BD3F3E929EC275F007C4652 /* Products */;
			projectDirPath = "";
			projectRoot = "";
			targets = (
				6BD3F3E729EC275F007C4652 /* Dispatcher */,
			);
		};
/* End PBXProject section */

/* Begin PBXResourcesBuildPhase section */
		6BD3F3E629EC275F007C4652 /* Resources */ = {
			isa = PBXResourcesBuildPhase;
			buildActionMask = 2147483647;
			files = (
				6BD3F3F829EC2760007C4652 /* Assets.xcassets in Resources */,
				6BDE7C6D2A125238004291D9 /* SignupOrLoginView.xib in Resources */,
				6B8908E52A01663A003E08A1 /* LatestSearchCell.xib in Resources */,
				6B40CD792A0794BF003397A8 /* Config.json in Resources */,
				6B95EF2829F019360014C6EF /* ArticleCell.xib in Resources */,
				6B5A9CEF2A07F0F600D0FBE3 /* .gitignore in Resources */,
				6BDE7C8B2A14F12A004291D9 /* GoogleService-Info - Dev.plist in Resources */,
				6BDE7C912A152915004291D9 /* GoogleService-Info - Prod.plist in Resources */,
				6BD3F3F329EC275F007C4652 /* Main.storyboard in Resources */,
				6BDE7C352A0D8A54004291D9 /* HeaderView.xib in Resources */,
			);
			runOnlyForDeploymentPostprocessing = 0;
		};
/* End PBXResourcesBuildPhase section */

/* Begin PBXShellScriptBuildPhase section */
		E7FD4A453FA1D4AAC6F488BF /* [CP] Embed Pods Frameworks */ = {
			isa = PBXShellScriptBuildPhase;
			buildActionMask = 2147483647;
			files = (
			);
			inputFileListPaths = (
				"${PODS_ROOT}/Target Support Files/Pods-Dispatcher/Pods-Dispatcher-frameworks-${CONFIGURATION}-input-files.xcfilelist",
			);
			name = "[CP] Embed Pods Frameworks";
			outputFileListPaths = (
				"${PODS_ROOT}/Target Support Files/Pods-Dispatcher/Pods-Dispatcher-frameworks-${CONFIGURATION}-output-files.xcfilelist",
			);
			runOnlyForDeploymentPostprocessing = 0;
			shellPath = /bin/sh;
			shellScript = "\"${PODS_ROOT}/Target Support Files/Pods-Dispatcher/Pods-Dispatcher-frameworks.sh\"\n";
			showEnvVarsInLog = 0;
		};
		F45E7D288EBB61E89FAC8673 /* [CP] Check Pods Manifest.lock */ = {
			isa = PBXShellScriptBuildPhase;
			buildActionMask = 2147483647;
			files = (
			);
			inputFileListPaths = (
			);
			inputPaths = (
				"${PODS_PODFILE_DIR_PATH}/Podfile.lock",
				"${PODS_ROOT}/Manifest.lock",
			);
			name = "[CP] Check Pods Manifest.lock";
			outputFileListPaths = (
			);
			outputPaths = (
				"$(DERIVED_FILE_DIR)/Pods-Dispatcher-checkManifestLockResult.txt",
			);
			runOnlyForDeploymentPostprocessing = 0;
			shellPath = /bin/sh;
			shellScript = "diff \"${PODS_PODFILE_DIR_PATH}/Podfile.lock\" \"${PODS_ROOT}/Manifest.lock\" > /dev/null\nif [ $? != 0 ] ; then\n    # print error to STDERR\n    echo \"error: The sandbox is not in sync with the Podfile.lock. Run 'pod install' or update your CocoaPods installation.\" >&2\n    exit 1\nfi\n# This output is used by Xcode 'outputs' to avoid re-running this script phase.\necho \"SUCCESS\" > \"${SCRIPT_OUTPUT_FILE_0}\"\n";
			showEnvVarsInLog = 0;
		};
/* End PBXShellScriptBuildPhase section */

/* Begin PBXSourcesBuildPhase section */
		6BD3F3E429EC275F007C4652 /* Sources */ = {
			isa = PBXSourcesBuildPhase;
			buildActionMask = 2147483647;
			files = (
				6B5A9CEB2A07DF0900D0FBE3 /* AppDelegate.swift in Sources */,
				6B8908D32A013097003E08A1 /* SearchScreenViewController.swift in Sources */,
				6BDE7C1D2A0A32CF004291D9 /* RecentSearch.swift in Sources */,
				6BDE7C322A0D7083004291D9 /* HeaderView.swift in Sources */,
				6B8908E42A01663A003E08A1 /* LatestSearchCell.swift in Sources */,
				6B95EF2129F006DF0014C6EF /* Article.swift in Sources */,
				6B8908BD29FFB372003E08A1 /* AlamofireManager.swift in Sources */,
				6B8908C129FFB64E003E08A1 /* ArticleApiObject.swift in Sources */,
				6B8908C929FFD578003E08A1 /* UserInput.swift in Sources */,
				6BDE7C782A1258C0004291D9 /* TextFieldExtension.swift in Sources */,
				6BDE7C232A0A82E4004291D9 /* DispatcherAppButton.swift in Sources */,
				6BD3F3F629EC275F007C4652 /* Dispatcher.xcdatamodeld in Sources */,
				6BDE7C8D2A1503DB004291D9 /* FirebaseManager.swift in Sources */,
				6BD3F45529EDAA51007C4652 /* FavoritesViewController.swift in Sources */,
				6B95EF4329FA9DCF0014C6EF /* HomepageViewModel.swift in Sources */,
				6B8908C729FFC157003E08A1 /* Request.swift in Sources */,
				6B1FE63F29FE42FA00A7477E /* APIConstants.swift in Sources */,
				6B5A9CF12A07F5E500D0FBE3 /* ColorsPalleteNames.swift in Sources */,
				6BDE7C6E2A125238004291D9 /* SignupOrLoginView.swift in Sources */,
				6BD3F45129EDAA05007C4652 /* ProfileViewController.swift in Sources */,
				6BD3F42929ED60BF007C4652 /* TabBarController.swift in Sources */,
				6BDE7C762A125397004291D9 /* Position.swift in Sources */,
				6BDE7C712A125370004291D9 /* TextCostants.swift in Sources */,
				6B95EF4029FA9D9E0014C6EF /* ProfileViewModel.swift in Sources */,
				6B8908D02A01126E003E08A1 /* SearchViewModel.swift in Sources */,
				6B1FE64429FE52B200A7477E /* ArticlesRepository.swift in Sources */,
				6B40CD672A027014003397A8 /* SearchResultsScreenViewController.swift in Sources */,
				6B8908C329FFB686003E08A1 /* ArticleResponse.swift in Sources */,
				6BDE7C752A125397004291D9 /* Errors.swift in Sources */,
				6B1FE64129FE50BB00A7477E /* AppConstants.swift in Sources */,
				6BDE7C8F2A1507DA004291D9 /* FirebaseRepository.swift in Sources */,
				6B5A9CED2A07DF1C00D0FBE3 /* SceneDelegate.swift in Sources */,
				6BDE7C662A125209004291D9 /* AuthViewController.swift in Sources */,
				6B40CD732A03EC5D003397A8 /* Utils.swift in Sources */,
				6B5A9CF42A0800A400D0FBE3 /* UserDefaultsManager.swift in Sources */,
				6B95EF2729F019360014C6EF /* ArticleCell.swift in Sources */,
				6BDE7C652A125209004291D9 /* AuthViewModel.swift in Sources */,
				6BDE7C1F2A0A4B64004291D9 /* SearchRepository.swift in Sources */,
				6BD3F45329EDAA1C007C4652 /* HomepageViewController.swift in Sources */,
				6B95EF4629FA9DF80014C6EF /* FavoritesViewModel.swift in Sources */,
				6BDE7C6C2A125238004291D9 /* TextFieldWithValidation.swift in Sources */,
			);
			runOnlyForDeploymentPostprocessing = 0;
		};
/* End PBXSourcesBuildPhase section */

/* Begin PBXVariantGroup section */
		6BD3F3F129EC275F007C4652 /* Main.storyboard */ = {
			isa = PBXVariantGroup;
			children = (
				6BD3F3F229EC275F007C4652 /* Base */,
			);
			name = Main.storyboard;
			sourceTree = "<group>";
		};
/* End PBXVariantGroup section */

/* Begin XCBuildConfiguration section */
		6BD3F3FD29EC2760007C4652 /* Debug */ = {
			isa = XCBuildConfiguration;
			buildSettings = {
				ALWAYS_SEARCH_USER_PATHS = NO;
				CLANG_ANALYZER_NONNULL = YES;
				CLANG_ANALYZER_NUMBER_OBJECT_CONVERSION = YES_AGGRESSIVE;
				CLANG_CXX_LANGUAGE_STANDARD = "gnu++20";
				CLANG_ENABLE_MODULES = YES;
				CLANG_ENABLE_OBJC_ARC = YES;
				CLANG_ENABLE_OBJC_WEAK = YES;
				CLANG_WARN_BLOCK_CAPTURE_AUTORELEASING = YES;
				CLANG_WARN_BOOL_CONVERSION = YES;
				CLANG_WARN_COMMA = YES;
				CLANG_WARN_CONSTANT_CONVERSION = YES;
				CLANG_WARN_DEPRECATED_OBJC_IMPLEMENTATIONS = YES;
				CLANG_WARN_DIRECT_OBJC_ISA_USAGE = YES_ERROR;
				CLANG_WARN_DOCUMENTATION_COMMENTS = YES;
				CLANG_WARN_EMPTY_BODY = YES;
				CLANG_WARN_ENUM_CONVERSION = YES;
				CLANG_WARN_INFINITE_RECURSION = YES;
				CLANG_WARN_INT_CONVERSION = YES;
				CLANG_WARN_NON_LITERAL_NULL_CONVERSION = YES;
				CLANG_WARN_OBJC_IMPLICIT_RETAIN_SELF = YES;
				CLANG_WARN_OBJC_LITERAL_CONVERSION = YES;
				CLANG_WARN_OBJC_ROOT_CLASS = YES_ERROR;
				CLANG_WARN_QUOTED_INCLUDE_IN_FRAMEWORK_HEADER = YES;
				CLANG_WARN_RANGE_LOOP_ANALYSIS = YES;
				CLANG_WARN_STRICT_PROTOTYPES = YES;
				CLANG_WARN_SUSPICIOUS_MOVE = YES;
				CLANG_WARN_UNGUARDED_AVAILABILITY = YES_AGGRESSIVE;
				CLANG_WARN_UNREACHABLE_CODE = YES;
				CLANG_WARN__DUPLICATE_METHOD_MATCH = YES;
				COPY_PHASE_STRIP = NO;
				DEBUG_INFORMATION_FORMAT = dwarf;
				ENABLE_STRICT_OBJC_MSGSEND = YES;
				ENABLE_TESTABILITY = YES;
				GCC_C_LANGUAGE_STANDARD = gnu11;
				GCC_DYNAMIC_NO_PIC = NO;
				GCC_NO_COMMON_BLOCKS = YES;
				GCC_OPTIMIZATION_LEVEL = 0;
				GCC_PREPROCESSOR_DEFINITIONS = (
					"DEBUG=1",
					"$(inherited)",
				);
				GCC_WARN_64_TO_32_BIT_CONVERSION = YES;
				GCC_WARN_ABOUT_RETURN_TYPE = YES_ERROR;
				GCC_WARN_UNDECLARED_SELECTOR = YES;
				GCC_WARN_UNINITIALIZED_AUTOS = YES_AGGRESSIVE;
				GCC_WARN_UNUSED_FUNCTION = YES;
				GCC_WARN_UNUSED_VARIABLE = YES;
				IPHONEOS_DEPLOYMENT_TARGET = 16.2;
				MTL_ENABLE_DEBUG_INFO = INCLUDE_SOURCE;
				MTL_FAST_MATH = YES;
				ONLY_ACTIVE_ARCH = YES;
				SDKROOT = iphoneos;
				SWIFT_ACTIVE_COMPILATION_CONDITIONS = DEBUG;
				SWIFT_OPTIMIZATION_LEVEL = "-Onone";
			};
			name = Debug;
		};
		6BD3F3FE29EC2760007C4652 /* Release */ = {
			isa = XCBuildConfiguration;
			buildSettings = {
				ALWAYS_SEARCH_USER_PATHS = NO;
				CLANG_ANALYZER_NONNULL = YES;
				CLANG_ANALYZER_NUMBER_OBJECT_CONVERSION = YES_AGGRESSIVE;
				CLANG_CXX_LANGUAGE_STANDARD = "gnu++20";
				CLANG_ENABLE_MODULES = YES;
				CLANG_ENABLE_OBJC_ARC = YES;
				CLANG_ENABLE_OBJC_WEAK = YES;
				CLANG_WARN_BLOCK_CAPTURE_AUTORELEASING = YES;
				CLANG_WARN_BOOL_CONVERSION = YES;
				CLANG_WARN_COMMA = YES;
				CLANG_WARN_CONSTANT_CONVERSION = YES;
				CLANG_WARN_DEPRECATED_OBJC_IMPLEMENTATIONS = YES;
				CLANG_WARN_DIRECT_OBJC_ISA_USAGE = YES_ERROR;
				CLANG_WARN_DOCUMENTATION_COMMENTS = YES;
				CLANG_WARN_EMPTY_BODY = YES;
				CLANG_WARN_ENUM_CONVERSION = YES;
				CLANG_WARN_INFINITE_RECURSION = YES;
				CLANG_WARN_INT_CONVERSION = YES;
				CLANG_WARN_NON_LITERAL_NULL_CONVERSION = YES;
				CLANG_WARN_OBJC_IMPLICIT_RETAIN_SELF = YES;
				CLANG_WARN_OBJC_LITERAL_CONVERSION = YES;
				CLANG_WARN_OBJC_ROOT_CLASS = YES_ERROR;
				CLANG_WARN_QUOTED_INCLUDE_IN_FRAMEWORK_HEADER = YES;
				CLANG_WARN_RANGE_LOOP_ANALYSIS = YES;
				CLANG_WARN_STRICT_PROTOTYPES = YES;
				CLANG_WARN_SUSPICIOUS_MOVE = YES;
				CLANG_WARN_UNGUARDED_AVAILABILITY = YES_AGGRESSIVE;
				CLANG_WARN_UNREACHABLE_CODE = YES;
				CLANG_WARN__DUPLICATE_METHOD_MATCH = YES;
				COPY_PHASE_STRIP = NO;
				DEBUG_INFORMATION_FORMAT = "dwarf-with-dsym";
				ENABLE_NS_ASSERTIONS = NO;
				ENABLE_STRICT_OBJC_MSGSEND = YES;
				GCC_C_LANGUAGE_STANDARD = gnu11;
				GCC_NO_COMMON_BLOCKS = YES;
				GCC_WARN_64_TO_32_BIT_CONVERSION = YES;
				GCC_WARN_ABOUT_RETURN_TYPE = YES_ERROR;
				GCC_WARN_UNDECLARED_SELECTOR = YES;
				GCC_WARN_UNINITIALIZED_AUTOS = YES_AGGRESSIVE;
				GCC_WARN_UNUSED_FUNCTION = YES;
				GCC_WARN_UNUSED_VARIABLE = YES;
				IPHONEOS_DEPLOYMENT_TARGET = 16.2;
				MTL_ENABLE_DEBUG_INFO = NO;
				MTL_FAST_MATH = YES;
				SDKROOT = iphoneos;
				SWIFT_COMPILATION_MODE = wholemodule;
				SWIFT_OPTIMIZATION_LEVEL = "-O";
				VALIDATE_PRODUCT = YES;
			};
			name = Release;
		};
		6BD3F40029EC2760007C4652 /* Debug */ = {
			isa = XCBuildConfiguration;
			baseConfigurationReference = 438C52D2A46676A365E55449 /* Pods-Dispatcher.debug.xcconfig */;
			buildSettings = {
				ASSETCATALOG_COMPILER_APPICON_NAME = AppIcon;
				ASSETCATALOG_COMPILER_GLOBAL_ACCENT_COLOR_NAME = AccentColor;
				CODE_SIGN_STYLE = Automatic;
				CURRENT_PROJECT_VERSION = 1;
				GENERATE_INFOPLIST_FILE = YES;
				INFOPLIST_FILE = "Dispatcher/Supporting Files/Info.plist";
				INFOPLIST_KEY_UIApplicationSupportsIndirectInputEvents = YES;
				INFOPLIST_KEY_UILaunchStoryboardName = LaunchScreen;
				INFOPLIST_KEY_UIMainStoryboardFile = Main;
				INFOPLIST_KEY_UISupportedInterfaceOrientations_iPad = "UIInterfaceOrientationPortrait UIInterfaceOrientationPortraitUpsideDown UIInterfaceOrientationLandscapeLeft UIInterfaceOrientationLandscapeRight";
				INFOPLIST_KEY_UISupportedInterfaceOrientations_iPhone = "UIInterfaceOrientationPortrait UIInterfaceOrientationLandscapeLeft UIInterfaceOrientationLandscapeRight";
				LD_RUNPATH_SEARCH_PATHS = (
					"$(inherited)",
					"@executable_path/Frameworks",
				);
				MARKETING_VERSION = 1.0;
				PRODUCT_BUNDLE_IDENTIFIER = com.ofek.Dispatcher;
				PRODUCT_NAME = "$(TARGET_NAME)";
				SWIFT_EMIT_LOC_STRINGS = YES;
				SWIFT_VERSION = 5.0;
				TARGETED_DEVICE_FAMILY = "1,2";
			};
			name = Debug;
		};
		6BD3F40129EC2760007C4652 /* Release */ = {
			isa = XCBuildConfiguration;
			baseConfigurationReference = CF2EAED76855AB3CD6A062F8 /* Pods-Dispatcher.release.xcconfig */;
			buildSettings = {
				ASSETCATALOG_COMPILER_APPICON_NAME = AppIcon;
				ASSETCATALOG_COMPILER_GLOBAL_ACCENT_COLOR_NAME = AccentColor;
				CODE_SIGN_STYLE = Automatic;
				CURRENT_PROJECT_VERSION = 1;
				GENERATE_INFOPLIST_FILE = YES;
				INFOPLIST_FILE = "Dispatcher/Supporting Files/Info.plist";
				INFOPLIST_KEY_UIApplicationSupportsIndirectInputEvents = YES;
				INFOPLIST_KEY_UILaunchStoryboardName = LaunchScreen;
				INFOPLIST_KEY_UIMainStoryboardFile = Main;
				INFOPLIST_KEY_UISupportedInterfaceOrientations_iPad = "UIInterfaceOrientationPortrait UIInterfaceOrientationPortraitUpsideDown UIInterfaceOrientationLandscapeLeft UIInterfaceOrientationLandscapeRight";
				INFOPLIST_KEY_UISupportedInterfaceOrientations_iPhone = "UIInterfaceOrientationPortrait UIInterfaceOrientationLandscapeLeft UIInterfaceOrientationLandscapeRight";
				LD_RUNPATH_SEARCH_PATHS = (
					"$(inherited)",
					"@executable_path/Frameworks",
				);
				MARKETING_VERSION = 1.0;
				PRODUCT_BUNDLE_IDENTIFIER = com.ofek.Dispatcher;
				PRODUCT_NAME = "$(TARGET_NAME)";
				SWIFT_EMIT_LOC_STRINGS = YES;
				SWIFT_VERSION = 5.0;
				TARGETED_DEVICE_FAMILY = "1,2";
			};
			name = Release;
		};
/* End XCBuildConfiguration section */

/* Begin XCConfigurationList section */
		6BD3F3E329EC275F007C4652 /* Build configuration list for PBXProject "Dispatcher" */ = {
			isa = XCConfigurationList;
			buildConfigurations = (
				6BD3F3FD29EC2760007C4652 /* Debug */,
				6BD3F3FE29EC2760007C4652 /* Release */,
			);
			defaultConfigurationIsVisible = 0;
			defaultConfigurationName = Release;
		};
		6BD3F3FF29EC2760007C4652 /* Build configuration list for PBXNativeTarget "Dispatcher" */ = {
			isa = XCConfigurationList;
			buildConfigurations = (
				6BD3F40029EC2760007C4652 /* Debug */,
				6BD3F40129EC2760007C4652 /* Release */,
			);
			defaultConfigurationIsVisible = 0;
			defaultConfigurationName = Release;
		};
/* End XCConfigurationList section */

/* Begin XCVersionGroup section */
		6BD3F3F429EC275F007C4652 /* Dispatcher.xcdatamodeld */ = {
			isa = XCVersionGroup;
			children = (
				6BD3F3F529EC275F007C4652 /* Dispatcher.xcdatamodel */,
			);
			currentVersion = 6BD3F3F529EC275F007C4652 /* Dispatcher.xcdatamodel */;
			path = Dispatcher.xcdatamodeld;
			sourceTree = "<group>";
			versionGroupType = wrapper.xcdatamodel;
		};
/* End XCVersionGroup section */
	};
	rootObject = 6BD3F3E029EC275F007C4652 /* Project object */;
}
